// !$*UTF8*$!
{
	archiveVersion = 1;
	classes = {
	};
	objectVersion = 46;
	objects = {

/* Begin PBXBuildFile section */
		7211159D1939196500DB5636 /* NWAccountDetailsViewController.m in Sources */ = {isa = PBXBuildFile; fileRef = 7211159C1939196500DB5636 /* NWAccountDetailsViewController.m */; };
		721115A019391E2D00DB5636 /* NWManagePortfolioTabViewController.m in Sources */ = {isa = PBXBuildFile; fileRef = 7211159F19391E2D00DB5636 /* NWManagePortfolioTabViewController.m */; };
		72116886193026EA0047DC02 /* Foundation.framework in Frameworks */ = {isa = PBXBuildFile; fileRef = 72116885193026EA0047DC02 /* Foundation.framework */; };
		72116888193026EA0047DC02 /* CoreGraphics.framework in Frameworks */ = {isa = PBXBuildFile; fileRef = 72116887193026EA0047DC02 /* CoreGraphics.framework */; };
		7211688A193026EA0047DC02 /* UIKit.framework in Frameworks */ = {isa = PBXBuildFile; fileRef = 72116889193026EA0047DC02 /* UIKit.framework */; };
		72116890193026EA0047DC02 /* InfoPlist.strings in Resources */ = {isa = PBXBuildFile; fileRef = 7211688E193026EA0047DC02 /* InfoPlist.strings */; };
		72116892193026EA0047DC02 /* main.m in Sources */ = {isa = PBXBuildFile; fileRef = 72116891193026EA0047DC02 /* main.m */; };
		72116896193026EA0047DC02 /* NWAppDelegate.m in Sources */ = {isa = PBXBuildFile; fileRef = 72116895193026EA0047DC02 /* NWAppDelegate.m */; };
		72116899193026EA0047DC02 /* Main_iPhone.storyboard in Resources */ = {isa = PBXBuildFile; fileRef = 72116897193026EA0047DC02 /* Main_iPhone.storyboard */; };
		7211689F193026EA0047DC02 /* NWOverviewViewController.m in Sources */ = {isa = PBXBuildFile; fileRef = 7211689E193026EA0047DC02 /* NWOverviewViewController.m */; };
		721168A1193026EA0047DC02 /* Images.xcassets in Resources */ = {isa = PBXBuildFile; fileRef = 721168A0193026EA0047DC02 /* Images.xcassets */; };
		721168A8193026EA0047DC02 /* XCTest.framework in Frameworks */ = {isa = PBXBuildFile; fileRef = 721168A7193026EA0047DC02 /* XCTest.framework */; };
		721168A9193026EA0047DC02 /* Foundation.framework in Frameworks */ = {isa = PBXBuildFile; fileRef = 72116885193026EA0047DC02 /* Foundation.framework */; };
		721168AA193026EA0047DC02 /* UIKit.framework in Frameworks */ = {isa = PBXBuildFile; fileRef = 72116889193026EA0047DC02 /* UIKit.framework */; };
		721168B2193026EA0047DC02 /* InfoPlist.strings in Resources */ = {isa = PBXBuildFile; fileRef = 721168B0193026EA0047DC02 /* InfoPlist.strings */; };
		721168B4193026EA0047DC02 /* NetWorthTests.m in Sources */ = {isa = PBXBuildFile; fileRef = 721168B3193026EA0047DC02 /* NetWorthTests.m */; };
		721168BF19302BEE0047DC02 /* NWAccountPageContentViewController.m in Sources */ = {isa = PBXBuildFile; fileRef = 721168BE19302BEE0047DC02 /* NWAccountPageContentViewController.m */; };
		72133CEB19566E2E002E733F /* NWAccountUserViewController.m in Sources */ = {isa = PBXBuildFile; fileRef = 72133CEA19566E2E002E733F /* NWAccountUserViewController.m */; };
		723C56E11931BEF20073AE8E /* NWAccountsTableViewController.m in Sources */ = {isa = PBXBuildFile; fileRef = 723C56E01931BEF20073AE8E /* NWAccountsTableViewController.m */; };
		723C56E41931C6620073AE8E /* NWHelper.m in Sources */ = {isa = PBXBuildFile; fileRef = 723C56E31931C6620073AE8E /* NWHelper.m */; };
		723E412119485220001EE066 /* NWPortfolioAssetsTableViewController.m in Sources */ = {isa = PBXBuildFile; fileRef = 723E412019485220001EE066 /* NWPortfolioAssetsTableViewController.m */; };
		7258580E1930657100379E80 /* NWOverviewPageContentViewController.m in Sources */ = {isa = PBXBuildFile; fileRef = 7258580D1930657100379E80 /* NWOverviewPageContentViewController.m */; };
		72E79CA81954FB7400E3C915 /* Parse.framework in Frameworks */ = {isa = PBXBuildFile; fileRef = 72E79CA71954FB7400E3C915 /* Parse.framework */; };
		72E79CAA1954FBBB00E3C915 /* AudioToolbox.framework in Frameworks */ = {isa = PBXBuildFile; fileRef = 72E79CA91954FBBB00E3C915 /* AudioToolbox.framework */; };
		72E79CAC1954FBC600E3C915 /* CFNetwork.framework in Frameworks */ = {isa = PBXBuildFile; fileRef = 72E79CAB1954FBC600E3C915 /* CFNetwork.framework */; };
		72E79CAE1954FBD800E3C915 /* CoreLocation.framework in Frameworks */ = {isa = PBXBuildFile; fileRef = 72E79CAD1954FBD800E3C915 /* CoreLocation.framework */; };
		72E79CB01954FBE300E3C915 /* libz.dylib in Frameworks */ = {isa = PBXBuildFile; fileRef = 72E79CAF1954FBE300E3C915 /* libz.dylib */; };
		72E79CB21954FBEC00E3C915 /* MobileCoreServices.framework in Frameworks */ = {isa = PBXBuildFile; fileRef = 72E79CB11954FBEC00E3C915 /* MobileCoreServices.framework */; };
		72E79CB41954FBF800E3C915 /* QuartzCore.framework in Frameworks */ = {isa = PBXBuildFile; fileRef = 72E79CB31954FBF800E3C915 /* QuartzCore.framework */; };
		72E79CB61954FC0400E3C915 /* Security.framework in Frameworks */ = {isa = PBXBuildFile; fileRef = 72E79CB51954FC0300E3C915 /* Security.framework */; };
		72E79CB81954FC0B00E3C915 /* StoreKit.framework in Frameworks */ = {isa = PBXBuildFile; fileRef = 72E79CB71954FC0B00E3C915 /* StoreKit.framework */; };
		72E79CBA1954FC1500E3C915 /* SystemConfiguration.framework in Frameworks */ = {isa = PBXBuildFile; fileRef = 72E79CB91954FC1500E3C915 /* SystemConfiguration.framework */; };
		72E79CBC195517AF00E3C915 /* Social.framework in Frameworks */ = {isa = PBXBuildFile; fileRef = 72E79CBB195517AF00E3C915 /* Social.framework */; };
		72E79CBE195517BF00E3C915 /* AssetsLibrary.framework in Frameworks */ = {isa = PBXBuildFile; fileRef = 72E79CBD195517BF00E3C915 /* AssetsLibrary.framework */; };
		72E79CC0195517C700E3C915 /* Accounts.framework in Frameworks */ = {isa = PBXBuildFile; fileRef = 72E79CBF195517C700E3C915 /* Accounts.framework */; };
		72E79CC5195557FB00E3C915 /* NWLiabilityDetailsViewController.m in Sources */ = {isa = PBXBuildFile; fileRef = 72E79CC4195557FB00E3C915 /* NWLiabilityDetailsViewController.m */; };
		72E79CC8195559E700E3C915 /* NWPortfolioLiabilitiesTableViewController.m in Sources */ = {isa = PBXBuildFile; fileRef = 72E79CC7195559E700E3C915 /* NWPortfolioLiabilitiesTableViewController.m */; };
		72E79CCB19559C5900E3C915 /* NWSettingsViewController.m in Sources */ = {isa = PBXBuildFile; fileRef = 72E79CCA19559C5900E3C915 /* NWSettingsViewController.m */; };
		72F50C711949755F00F77184 /* NWAssetDetailsViewController.m in Sources */ = {isa = PBXBuildFile; fileRef = 72F50C701949755F00F77184 /* NWAssetDetailsViewController.m */; };
		72F50C751949803600F77184 /* NWAsset.m in Sources */ = {isa = PBXBuildFile; fileRef = 72F50C741949803600F77184 /* NWAsset.m */; };
/* End PBXBuildFile section */

/* Begin PBXContainerItemProxy section */
		721168AB193026EA0047DC02 /* PBXContainerItemProxy */ = {
			isa = PBXContainerItemProxy;
			containerPortal = 7211687A193026EA0047DC02 /* Project object */;
			proxyType = 1;
			remoteGlobalIDString = 72116881193026EA0047DC02;
			remoteInfo = NetWorth;
		};
/* End PBXContainerItemProxy section */

/* Begin PBXFileReference section */
		7211159B1939196500DB5636 /* NWAccountDetailsViewController.h */ = {isa = PBXFileReference; fileEncoding = 4; lastKnownFileType = sourcecode.c.h; path = NWAccountDetailsViewController.h; sourceTree = "<group>"; };
		7211159C1939196500DB5636 /* NWAccountDetailsViewController.m */ = {isa = PBXFileReference; fileEncoding = 4; lastKnownFileType = sourcecode.c.objc; path = NWAccountDetailsViewController.m; sourceTree = "<group>"; };
		7211159E19391E2D00DB5636 /* NWManagePortfolioTabViewController.h */ = {isa = PBXFileReference; fileEncoding = 4; lastKnownFileType = sourcecode.c.h; path = NWManagePortfolioTabViewController.h; sourceTree = "<group>"; };
		7211159F19391E2D00DB5636 /* NWManagePortfolioTabViewController.m */ = {isa = PBXFileReference; fileEncoding = 4; lastKnownFileType = sourcecode.c.objc; path = NWManagePortfolioTabViewController.m; sourceTree = "<group>"; };
		72116882193026EA0047DC02 /* NetWorth.app */ = {isa = PBXFileReference; explicitFileType = wrapper.application; includeInIndex = 0; path = NetWorth.app; sourceTree = BUILT_PRODUCTS_DIR; };
		72116885193026EA0047DC02 /* Foundation.framework */ = {isa = PBXFileReference; lastKnownFileType = wrapper.framework; name = Foundation.framework; path = System/Library/Frameworks/Foundation.framework; sourceTree = SDKROOT; };
		72116887193026EA0047DC02 /* CoreGraphics.framework */ = {isa = PBXFileReference; lastKnownFileType = wrapper.framework; name = CoreGraphics.framework; path = System/Library/Frameworks/CoreGraphics.framework; sourceTree = SDKROOT; };
		72116889193026EA0047DC02 /* UIKit.framework */ = {isa = PBXFileReference; lastKnownFileType = wrapper.framework; name = UIKit.framework; path = System/Library/Frameworks/UIKit.framework; sourceTree = SDKROOT; };
		7211688D193026EA0047DC02 /* NetWorth-Info.plist */ = {isa = PBXFileReference; lastKnownFileType = text.plist.xml; path = "NetWorth-Info.plist"; sourceTree = "<group>"; };
		7211688F193026EA0047DC02 /* en */ = {isa = PBXFileReference; lastKnownFileType = text.plist.strings; name = en; path = en.lproj/InfoPlist.strings; sourceTree = "<group>"; };
		72116891193026EA0047DC02 /* main.m */ = {isa = PBXFileReference; lastKnownFileType = sourcecode.c.objc; path = main.m; sourceTree = "<group>"; };
		72116893193026EA0047DC02 /* NetWorth-Prefix.pch */ = {isa = PBXFileReference; lastKnownFileType = sourcecode.c.h; path = "NetWorth-Prefix.pch"; sourceTree = "<group>"; };
		72116894193026EA0047DC02 /* NWAppDelegate.h */ = {isa = PBXFileReference; lastKnownFileType = sourcecode.c.h; path = NWAppDelegate.h; sourceTree = "<group>"; };
		72116895193026EA0047DC02 /* NWAppDelegate.m */ = {isa = PBXFileReference; lastKnownFileType = sourcecode.c.objc; path = NWAppDelegate.m; sourceTree = "<group>"; };
		72116898193026EA0047DC02 /* Base */ = {isa = PBXFileReference; lastKnownFileType = file.storyboard; name = Base; path = Base.lproj/Main_iPhone.storyboard; sourceTree = "<group>"; };
		7211689D193026EA0047DC02 /* NWOverviewViewController.h */ = {isa = PBXFileReference; lastKnownFileType = sourcecode.c.h; path = NWOverviewViewController.h; sourceTree = "<group>"; };
		7211689E193026EA0047DC02 /* NWOverviewViewController.m */ = {isa = PBXFileReference; lastKnownFileType = sourcecode.c.objc; path = NWOverviewViewController.m; sourceTree = "<group>"; };
		721168A0193026EA0047DC02 /* Images.xcassets */ = {isa = PBXFileReference; lastKnownFileType = folder.assetcatalog; path = Images.xcassets; sourceTree = "<group>"; };
		721168A6193026EA0047DC02 /* NetWorthTests.xctest */ = {isa = PBXFileReference; explicitFileType = wrapper.cfbundle; includeInIndex = 0; path = NetWorthTests.xctest; sourceTree = BUILT_PRODUCTS_DIR; };
		721168A7193026EA0047DC02 /* XCTest.framework */ = {isa = PBXFileReference; lastKnownFileType = wrapper.framework; name = XCTest.framework; path = Library/Frameworks/XCTest.framework; sourceTree = DEVELOPER_DIR; };
		721168AF193026EA0047DC02 /* NetWorthTests-Info.plist */ = {isa = PBXFileReference; lastKnownFileType = text.plist.xml; path = "NetWorthTests-Info.plist"; sourceTree = "<group>"; };
		721168B1193026EA0047DC02 /* en */ = {isa = PBXFileReference; lastKnownFileType = text.plist.strings; name = en; path = en.lproj/InfoPlist.strings; sourceTree = "<group>"; };
		721168B3193026EA0047DC02 /* NetWorthTests.m */ = {isa = PBXFileReference; lastKnownFileType = sourcecode.c.objc; path = NetWorthTests.m; sourceTree = "<group>"; };
		721168BD19302BEE0047DC02 /* NWAccountPageContentViewController.h */ = {isa = PBXFileReference; fileEncoding = 4; lastKnownFileType = sourcecode.c.h; path = NWAccountPageContentViewController.h; sourceTree = "<group>"; };
		721168BE19302BEE0047DC02 /* NWAccountPageContentViewController.m */ = {isa = PBXFileReference; fileEncoding = 4; lastKnownFileType = sourcecode.c.objc; path = NWAccountPageContentViewController.m; sourceTree = "<group>"; };
		72133CE919566E2E002E733F /* NWAccountUserViewController.h */ = {isa = PBXFileReference; fileEncoding = 4; lastKnownFileType = sourcecode.c.h; path = NWAccountUserViewController.h; sourceTree = "<group>"; };
		72133CEA19566E2E002E733F /* NWAccountUserViewController.m */ = {isa = PBXFileReference; fileEncoding = 4; lastKnownFileType = sourcecode.c.objc; path = NWAccountUserViewController.m; sourceTree = "<group>"; };
		723C56DF1931BEF20073AE8E /* NWAccountsTableViewController.h */ = {isa = PBXFileReference; fileEncoding = 4; lastKnownFileType = sourcecode.c.h; name = NWAccountsTableViewController.h; path = ../NWAccountsTableViewController.h; sourceTree = "<group>"; };
		723C56E01931BEF20073AE8E /* NWAccountsTableViewController.m */ = {isa = PBXFileReference; fileEncoding = 4; lastKnownFileType = sourcecode.c.objc; name = NWAccountsTableViewController.m; path = ../NWAccountsTableViewController.m; sourceTree = "<group>"; };
		723C56E21931C6620073AE8E /* NWHelper.h */ = {isa = PBXFileReference; fileEncoding = 4; lastKnownFileType = sourcecode.c.h; path = NWHelper.h; sourceTree = "<group>"; };
		723C56E31931C6620073AE8E /* NWHelper.m */ = {isa = PBXFileReference; fileEncoding = 4; lastKnownFileType = sourcecode.c.objc; path = NWHelper.m; sourceTree = "<group>"; };
		723E411F19485220001EE066 /* NWPortfolioAssetsTableViewController.h */ = {isa = PBXFileReference; fileEncoding = 4; lastKnownFileType = sourcecode.c.h; path = NWPortfolioAssetsTableViewController.h; sourceTree = "<group>"; };
		723E412019485220001EE066 /* NWPortfolioAssetsTableViewController.m */ = {isa = PBXFileReference; fileEncoding = 4; lastKnownFileType = sourcecode.c.objc; path = NWPortfolioAssetsTableViewController.m; sourceTree = "<group>"; };
		7258580C1930657100379E80 /* NWOverviewPageContentViewController.h */ = {isa = PBXFileReference; fileEncoding = 4; lastKnownFileType = sourcecode.c.h; path = NWOverviewPageContentViewController.h; sourceTree = "<group>"; };
		7258580D1930657100379E80 /* NWOverviewPageContentViewController.m */ = {isa = PBXFileReference; fileEncoding = 4; lastKnownFileType = sourcecode.c.objc; path = NWOverviewPageContentViewController.m; sourceTree = "<group>"; };
		7258580F1930767F00379E80 /* NWPageContentViewProtocol.h */ = {isa = PBXFileReference; lastKnownFileType = sourcecode.c.h; path = NWPageContentViewProtocol.h; sourceTree = "<group>"; };
		7291DB37194B4896000987F9 /* NWTabItemProtocol.h */ = {isa = PBXFileReference; lastKnownFileType = sourcecode.c.h; path = NWTabItemProtocol.h; sourceTree = "<group>"; };
		72E79CA71954FB7400E3C915 /* Parse.framework */ = {isa = PBXFileReference; lastKnownFileType = wrapper.framework; path = Parse.framework; sourceTree = "<group>"; };
		72E79CA91954FBBB00E3C915 /* AudioToolbox.framework */ = {isa = PBXFileReference; lastKnownFileType = wrapper.framework; name = AudioToolbox.framework; path = System/Library/Frameworks/AudioToolbox.framework; sourceTree = SDKROOT; };
		72E79CAB1954FBC600E3C915 /* CFNetwork.framework */ = {isa = PBXFileReference; lastKnownFileType = wrapper.framework; name = CFNetwork.framework; path = System/Library/Frameworks/CFNetwork.framework; sourceTree = SDKROOT; };
		72E79CAD1954FBD800E3C915 /* CoreLocation.framework */ = {isa = PBXFileReference; lastKnownFileType = wrapper.framework; name = CoreLocation.framework; path = System/Library/Frameworks/CoreLocation.framework; sourceTree = SDKROOT; };
		72E79CAF1954FBE300E3C915 /* libz.dylib */ = {isa = PBXFileReference; lastKnownFileType = "compiled.mach-o.dylib"; name = libz.dylib; path = usr/lib/libz.dylib; sourceTree = SDKROOT; };
		72E79CB11954FBEC00E3C915 /* MobileCoreServices.framework */ = {isa = PBXFileReference; lastKnownFileType = wrapper.framework; name = MobileCoreServices.framework; path = System/Library/Frameworks/MobileCoreServices.framework; sourceTree = SDKROOT; };
		72E79CB31954FBF800E3C915 /* QuartzCore.framework */ = {isa = PBXFileReference; lastKnownFileType = wrapper.framework; name = QuartzCore.framework; path = System/Library/Frameworks/QuartzCore.framework; sourceTree = SDKROOT; };
		72E79CB51954FC0300E3C915 /* Security.framework */ = {isa = PBXFileReference; lastKnownFileType = wrapper.framework; name = Security.framework; path = System/Library/Frameworks/Security.framework; sourceTree = SDKROOT; };
		72E79CB71954FC0B00E3C915 /* StoreKit.framework */ = {isa = PBXFileReference; lastKnownFileType = wrapper.framework; name = StoreKit.framework; path = System/Library/Frameworks/StoreKit.framework; sourceTree = SDKROOT; };
		72E79CB91954FC1500E3C915 /* SystemConfiguration.framework */ = {isa = PBXFileReference; lastKnownFileType = wrapper.framework; name = SystemConfiguration.framework; path = System/Library/Frameworks/SystemConfiguration.framework; sourceTree = SDKROOT; };
		72E79CBB195517AF00E3C915 /* Social.framework */ = {isa = PBXFileReference; lastKnownFileType = wrapper.framework; name = Social.framework; path = System/Library/Frameworks/Social.framework; sourceTree = SDKROOT; };
		72E79CBD195517BF00E3C915 /* AssetsLibrary.framework */ = {isa = PBXFileReference; lastKnownFileType = wrapper.framework; name = AssetsLibrary.framework; path = System/Library/Frameworks/AssetsLibrary.framework; sourceTree = SDKROOT; };
		72E79CBF195517C700E3C915 /* Accounts.framework */ = {isa = PBXFileReference; lastKnownFileType = wrapper.framework; name = Accounts.framework; path = System/Library/Frameworks/Accounts.framework; sourceTree = SDKROOT; };
		72E79CC119554D8900E3C915 /* NWConstants.h */ = {isa = PBXFileReference; lastKnownFileType = sourcecode.c.h; path = NWConstants.h; sourceTree = "<group>"; };
		72E79CC3195557FB00E3C915 /* NWLiabilityDetailsViewController.h */ = {isa = PBXFileReference; fileEncoding = 4; lastKnownFileType = sourcecode.c.h; path = NWLiabilityDetailsViewController.h; sourceTree = "<group>"; };
		72E79CC4195557FB00E3C915 /* NWLiabilityDetailsViewController.m */ = {isa = PBXFileReference; fileEncoding = 4; lastKnownFileType = sourcecode.c.objc; path = NWLiabilityDetailsViewController.m; sourceTree = "<group>"; };
		72E79CC6195559E700E3C915 /* NWPortfolioLiabilitiesTableViewController.h */ = {isa = PBXFileReference; fileEncoding = 4; lastKnownFileType = sourcecode.c.h; path = NWPortfolioLiabilitiesTableViewController.h; sourceTree = "<group>"; };
		72E79CC7195559E700E3C915 /* NWPortfolioLiabilitiesTableViewController.m */ = {isa = PBXFileReference; fileEncoding = 4; lastKnownFileType = sourcecode.c.objc; path = NWPortfolioLiabilitiesTableViewController.m; sourceTree = "<group>"; };
		72E79CC919559C5900E3C915 /* NWSettingsViewController.h */ = {isa = PBXFileReference; fileEncoding = 4; lastKnownFileType = sourcecode.c.h; path = NWSettingsViewController.h; sourceTree = "<group>"; };
		72E79CCA19559C5900E3C915 /* NWSettingsViewController.m */ = {isa = PBXFileReference; fileEncoding = 4; lastKnownFileType = sourcecode.c.objc; path = NWSettingsViewController.m; sourceTree = "<group>"; };
		72F50C6F1949755F00F77184 /* NWAssetDetailsViewController.h */ = {isa = PBXFileReference; fileEncoding = 4; lastKnownFileType = sourcecode.c.h; path = NWAssetDetailsViewController.h; sourceTree = "<group>"; };
		72F50C701949755F00F77184 /* NWAssetDetailsViewController.m */ = {isa = PBXFileReference; fileEncoding = 4; lastKnownFileType = sourcecode.c.objc; path = NWAssetDetailsViewController.m; sourceTree = "<group>"; };
		72F50C731949803600F77184 /* NWAsset.h */ = {isa = PBXFileReference; fileEncoding = 4; lastKnownFileType = sourcecode.c.h; path = NWAsset.h; sourceTree = "<group>"; };
		72F50C741949803600F77184 /* NWAsset.m */ = {isa = PBXFileReference; fileEncoding = 4; lastKnownFileType = sourcecode.c.objc; path = NWAsset.m; sourceTree = "<group>"; };
/* End PBXFileReference section */

/* Begin PBXFrameworksBuildPhase section */
		7211687F193026EA0047DC02 /* Frameworks */ = {
			isa = PBXFrameworksBuildPhase;
			buildActionMask = 2147483647;
			files = (
				72E79CC0195517C700E3C915 /* Accounts.framework in Frameworks */,
				72E79CBE195517BF00E3C915 /* AssetsLibrary.framework in Frameworks */,
				72E79CBC195517AF00E3C915 /* Social.framework in Frameworks */,
				72E79CBA1954FC1500E3C915 /* SystemConfiguration.framework in Frameworks */,
				72E79CB81954FC0B00E3C915 /* StoreKit.framework in Frameworks */,
				72E79CB61954FC0400E3C915 /* Security.framework in Frameworks */,
				72E79CB41954FBF800E3C915 /* QuartzCore.framework in Frameworks */,
				72E79CB21954FBEC00E3C915 /* MobileCoreServices.framework in Frameworks */,
				72E79CB01954FBE300E3C915 /* libz.dylib in Frameworks */,
				72E79CAE1954FBD800E3C915 /* CoreLocation.framework in Frameworks */,
				72116888193026EA0047DC02 /* CoreGraphics.framework in Frameworks */,
				72E79CAC1954FBC600E3C915 /* CFNetwork.framework in Frameworks */,
				72E79CAA1954FBBB00E3C915 /* AudioToolbox.framework in Frameworks */,
				7211688A193026EA0047DC02 /* UIKit.framework in Frameworks */,
				72E79CA81954FB7400E3C915 /* Parse.framework in Frameworks */,
				72116886193026EA0047DC02 /* Foundation.framework in Frameworks */,
			);
			runOnlyForDeploymentPostprocessing = 0;
		};
		721168A3193026EA0047DC02 /* Frameworks */ = {
			isa = PBXFrameworksBuildPhase;
			buildActionMask = 2147483647;
			files = (
				721168A8193026EA0047DC02 /* XCTest.framework in Frameworks */,
				721168AA193026EA0047DC02 /* UIKit.framework in Frameworks */,
				721168A9193026EA0047DC02 /* Foundation.framework in Frameworks */,
			);
			runOnlyForDeploymentPostprocessing = 0;
		};
/* End PBXFrameworksBuildPhase section */

/* Begin PBXGroup section */
		72116879193026EA0047DC02 = {
			isa = PBXGroup;
			children = (
				7211688B193026EA0047DC02 /* NetWorth */,
				721168AD193026EA0047DC02 /* NetWorthTests */,
				72116884193026EA0047DC02 /* Frameworks */,
				72116883193026EA0047DC02 /* Products */,
			);
			sourceTree = "<group>";
		};
		72116883193026EA0047DC02 /* Products */ = {
			isa = PBXGroup;
			children = (
				72116882193026EA0047DC02 /* NetWorth.app */,
				721168A6193026EA0047DC02 /* NetWorthTests.xctest */,
			);
			name = Products;
			sourceTree = "<group>";
		};
		72116884193026EA0047DC02 /* Frameworks */ = {
			isa = PBXGroup;
			children = (
				72E79CBF195517C700E3C915 /* Accounts.framework */,
				72E79CBD195517BF00E3C915 /* AssetsLibrary.framework */,
				72E79CBB195517AF00E3C915 /* Social.framework */,
				72E79CB91954FC1500E3C915 /* SystemConfiguration.framework */,
				72E79CB71954FC0B00E3C915 /* StoreKit.framework */,
				72E79CB51954FC0300E3C915 /* Security.framework */,
				72E79CB31954FBF800E3C915 /* QuartzCore.framework */,
				72E79CB11954FBEC00E3C915 /* MobileCoreServices.framework */,
				72E79CAF1954FBE300E3C915 /* libz.dylib */,
				72E79CAD1954FBD800E3C915 /* CoreLocation.framework */,
				72E79CAB1954FBC600E3C915 /* CFNetwork.framework */,
				72E79CA91954FBBB00E3C915 /* AudioToolbox.framework */,
				72E79CA71954FB7400E3C915 /* Parse.framework */,
				72116885193026EA0047DC02 /* Foundation.framework */,
				72116887193026EA0047DC02 /* CoreGraphics.framework */,
				72116889193026EA0047DC02 /* UIKit.framework */,
				721168A7193026EA0047DC02 /* XCTest.framework */,
			);
			name = Frameworks;
			sourceTree = "<group>";
		};
		7211688B193026EA0047DC02 /* NetWorth */ = {
			isa = PBXGroup;
			children = (
				7281645D193AA25500191434 /* Common */,
				7281645F193AA37A00191434 /* ManagePortfolio */,
				7281645E193AA36200191434 /* Overview */,
				7281645C193AA21900191434 /* Accounts */,
				72116894193026EA0047DC02 /* NWAppDelegate.h */,
				72116895193026EA0047DC02 /* NWAppDelegate.m */,
				72116897193026EA0047DC02 /* Main_iPhone.storyboard */,
				721168A0193026EA0047DC02 /* Images.xcassets */,
				7211688C193026EA0047DC02 /* Supporting Files */,
			);
			path = NetWorth;
			sourceTree = "<group>";
		};
		7211688C193026EA0047DC02 /* Supporting Files */ = {
			isa = PBXGroup;
			children = (
				7211688D193026EA0047DC02 /* NetWorth-Info.plist */,
				7211688E193026EA0047DC02 /* InfoPlist.strings */,
				72116891193026EA0047DC02 /* main.m */,
				72116893193026EA0047DC02 /* NetWorth-Prefix.pch */,
			);
			name = "Supporting Files";
			sourceTree = "<group>";
		};
		721168AD193026EA0047DC02 /* NetWorthTests */ = {
			isa = PBXGroup;
			children = (
				721168B3193026EA0047DC02 /* NetWorthTests.m */,
				721168AE193026EA0047DC02 /* Supporting Files */,
			);
			path = NetWorthTests;
			sourceTree = "<group>";
		};
		721168AE193026EA0047DC02 /* Supporting Files */ = {
			isa = PBXGroup;
			children = (
				721168AF193026EA0047DC02 /* NetWorthTests-Info.plist */,
				721168B0193026EA0047DC02 /* InfoPlist.strings */,
			);
			name = "Supporting Files";
			sourceTree = "<group>";
		};
		7281645C193AA21900191434 /* Accounts */ = {
			isa = PBXGroup;
			children = (
				72E79CC919559C5900E3C915 /* NWSettingsViewController.h */,
				72E79CCA19559C5900E3C915 /* NWSettingsViewController.m */,
				72133CE919566E2E002E733F /* NWAccountUserViewController.h */,
				72133CEA19566E2E002E733F /* NWAccountUserViewController.m */,
				7211159B1939196500DB5636 /* NWAccountDetailsViewController.h */,
				7211159C1939196500DB5636 /* NWAccountDetailsViewController.m */,
				723C56DF1931BEF20073AE8E /* NWAccountsTableViewController.h */,
				723C56E01931BEF20073AE8E /* NWAccountsTableViewController.m */,
			);
			name = Accounts;
			sourceTree = "<group>";
		};
		7281645D193AA25500191434 /* Common */ = {
			isa = PBXGroup;
			children = (
				723C56E21931C6620073AE8E /* NWHelper.h */,
				723C56E31931C6620073AE8E /* NWHelper.m */,
				72F50C731949803600F77184 /* NWAsset.h */,
				72F50C741949803600F77184 /* NWAsset.m */,
				72E79CC119554D8900E3C915 /* NWConstants.h */,
			);
			name = Common;
			sourceTree = "<group>";
		};
		7281645E193AA36200191434 /* Overview */ = {
			isa = PBXGroup;
			children = (
				72816460193AA5FA00191434 /* Pages */,
				7211689D193026EA0047DC02 /* NWOverviewViewController.h */,
				7211689E193026EA0047DC02 /* NWOverviewViewController.m */,
			);
			name = Overview;
			sourceTree = "<group>";
		};
		7281645F193AA37A00191434 /* ManagePortfolio */ = {
			isa = PBXGroup;
			children = (
				72F50C72194975B100F77184 /* Details */,
				7291DB37194B4896000987F9 /* NWTabItemProtocol.h */,
				7211159E19391E2D00DB5636 /* NWManagePortfolioTabViewController.h */,
				7211159F19391E2D00DB5636 /* NWManagePortfolioTabViewController.m */,
				723E411F19485220001EE066 /* NWPortfolioAssetsTableViewController.h */,
				723E412019485220001EE066 /* NWPortfolioAssetsTableViewController.m */,
				72E79CC6195559E700E3C915 /* NWPortfolioLiabilitiesTableViewController.h */,
				72E79CC7195559E700E3C915 /* NWPortfolioLiabilitiesTableViewController.m */,
			);
			name = ManagePortfolio;
			sourceTree = "<group>";
		};
		72816460193AA5FA00191434 /* Pages */ = {
			isa = PBXGroup;
			children = (
				7258580F1930767F00379E80 /* NWPageContentViewProtocol.h */,
				721168BD19302BEE0047DC02 /* NWAccountPageContentViewController.h */,
				721168BE19302BEE0047DC02 /* NWAccountPageContentViewController.m */,
				7258580C1930657100379E80 /* NWOverviewPageContentViewController.h */,
				7258580D1930657100379E80 /* NWOverviewPageContentViewController.m */,
			);
			name = Pages;
			sourceTree = "<group>";
		};
		72F50C72194975B100F77184 /* Details */ = {
			isa = PBXGroup;
			children = (
				72F50C6F1949755F00F77184 /* NWAssetDetailsViewController.h */,
				72F50C701949755F00F77184 /* NWAssetDetailsViewController.m */,
				72E79CC3195557FB00E3C915 /* NWLiabilityDetailsViewController.h */,
				72E79CC4195557FB00E3C915 /* NWLiabilityDetailsViewController.m */,
			);
			name = Details;
			sourceTree = "<group>";
		};
/* End PBXGroup section */

/* Begin PBXNativeTarget section */
		72116881193026EA0047DC02 /* NetWorth */ = {
			isa = PBXNativeTarget;
			buildConfigurationList = 721168B7193026EA0047DC02 /* Build configuration list for PBXNativeTarget "NetWorth" */;
			buildPhases = (
				7211687E193026EA0047DC02 /* Sources */,
				7211687F193026EA0047DC02 /* Frameworks */,
				72116880193026EA0047DC02 /* Resources */,
			);
			buildRules = (
			);
			dependencies = (
			);
			name = NetWorth;
			productName = NetWorth;
			productReference = 72116882193026EA0047DC02 /* NetWorth.app */;
			productType = "com.apple.product-type.application";
		};
		721168A5193026EA0047DC02 /* NetWorthTests */ = {
			isa = PBXNativeTarget;
			buildConfigurationList = 721168BA193026EA0047DC02 /* Build configuration list for PBXNativeTarget "NetWorthTests" */;
			buildPhases = (
				721168A2193026EA0047DC02 /* Sources */,
				721168A3193026EA0047DC02 /* Frameworks */,
				721168A4193026EA0047DC02 /* Resources */,
			);
			buildRules = (
			);
			dependencies = (
				721168AC193026EA0047DC02 /* PBXTargetDependency */,
			);
			name = NetWorthTests;
			productName = NetWorthTests;
			productReference = 721168A6193026EA0047DC02 /* NetWorthTests.xctest */;
			productType = "com.apple.product-type.bundle.unit-test";
		};
/* End PBXNativeTarget section */

/* Begin PBXProject section */
		7211687A193026EA0047DC02 /* Project object */ = {
			isa = PBXProject;
			attributes = {
				CLASSPREFIX = NW;
				LastUpgradeCheck = 0510;
				ORGANIZATIONNAME = "Johnathan Grayson";
				TargetAttributes = {
					72116881193026EA0047DC02 = {
						DevelopmentTeam = HGXW6XTDST;
					};
					721168A5193026EA0047DC02 = {
						TestTargetID = 72116881193026EA0047DC02;
					};
				};
			};
			buildConfigurationList = 7211687D193026EA0047DC02 /* Build configuration list for PBXProject "NetWorth" */;
			compatibilityVersion = "Xcode 3.2";
			developmentRegion = English;
			hasScannedForEncodings = 0;
			knownRegions = (
				en,
				Base,
			);
			mainGroup = 72116879193026EA0047DC02;
			productRefGroup = 72116883193026EA0047DC02 /* Products */;
			projectDirPath = "";
			projectRoot = "";
			targets = (
				72116881193026EA0047DC02 /* NetWorth */,
				721168A5193026EA0047DC02 /* NetWorthTests */,
			);
		};
/* End PBXProject section */

/* Begin PBXResourcesBuildPhase section */
		72116880193026EA0047DC02 /* Resources */ = {
			isa = PBXResourcesBuildPhase;
			buildActionMask = 2147483647;
			files = (
				721168A1193026EA0047DC02 /* Images.xcassets in Resources */,
				72116899193026EA0047DC02 /* Main_iPhone.storyboard in Resources */,
				72116890193026EA0047DC02 /* InfoPlist.strings in Resources */,
			);
			runOnlyForDeploymentPostprocessing = 0;
		};
		721168A4193026EA0047DC02 /* Resources */ = {
			isa = PBXResourcesBuildPhase;
			buildActionMask = 2147483647;
			files = (
				721168B2193026EA0047DC02 /* InfoPlist.strings in Resources */,
			);
			runOnlyForDeploymentPostprocessing = 0;
		};
/* End PBXResourcesBuildPhase section */

/* Begin PBXSourcesBuildPhase section */
		7211687E193026EA0047DC02 /* Sources */ = {
			isa = PBXSourcesBuildPhase;
			buildActionMask = 2147483647;
			files = (
				723E412119485220001EE066 /* NWPortfolioAssetsTableViewController.m in Sources */,
				723C56E41931C6620073AE8E /* NWHelper.m in Sources */,
				7258580E1930657100379E80 /* NWOverviewPageContentViewController.m in Sources */,
				72E79CC5195557FB00E3C915 /* NWLiabilityDetailsViewController.m in Sources */,
				72E79CCB19559C5900E3C915 /* NWSettingsViewController.m in Sources */,
				721168BF19302BEE0047DC02 /* NWAccountPageContentViewController.m in Sources */,
				723C56E11931BEF20073AE8E /* NWAccountsTableViewController.m in Sources */,
				72F50C751949803600F77184 /* NWAsset.m in Sources */,
				72133CEB19566E2E002E733F /* NWAccountUserViewController.m in Sources */,
				7211689F193026EA0047DC02 /* NWOverviewViewController.m in Sources */,
				721115A019391E2D00DB5636 /* NWManagePortfolioTabViewController.m in Sources */,
				72F50C711949755F00F77184 /* NWAssetDetailsViewController.m in Sources */,
				72116892193026EA0047DC02 /* main.m in Sources */,
				72E79CC8195559E700E3C915 /* NWPortfolioLiabilitiesTableViewController.m in Sources */,
				72116896193026EA0047DC02 /* NWAppDelegate.m in Sources */,
				7211159D1939196500DB5636 /* NWAccountDetailsViewController.m in Sources */,
			);
			runOnlyForDeploymentPostprocessing = 0;
		};
		721168A2193026EA0047DC02 /* Sources */ = {
			isa = PBXSourcesBuildPhase;
			buildActionMask = 2147483647;
			files = (
				721168B4193026EA0047DC02 /* NetWorthTests.m in Sources */,
			);
			runOnlyForDeploymentPostprocessing = 0;
		};
/* End PBXSourcesBuildPhase section */

/* Begin PBXTargetDependency section */
		721168AC193026EA0047DC02 /* PBXTargetDependency */ = {
			isa = PBXTargetDependency;
			target = 72116881193026EA0047DC02 /* NetWorth */;
			targetProxy = 721168AB193026EA0047DC02 /* PBXContainerItemProxy */;
		};
/* End PBXTargetDependency section */

/* Begin PBXVariantGroup section */
		7211688E193026EA0047DC02 /* InfoPlist.strings */ = {
			isa = PBXVariantGroup;
			children = (
				7211688F193026EA0047DC02 /* en */,
			);
			name = InfoPlist.strings;
			sourceTree = "<group>";
		};
		72116897193026EA0047DC02 /* Main_iPhone.storyboard */ = {
			isa = PBXVariantGroup;
			children = (
				72116898193026EA0047DC02 /* Base */,
			);
			name = Main_iPhone.storyboard;
			sourceTree = "<group>";
		};
		721168B0193026EA0047DC02 /* InfoPlist.strings */ = {
			isa = PBXVariantGroup;
			children = (
				721168B1193026EA0047DC02 /* en */,
			);
			name = InfoPlist.strings;
			sourceTree = "<group>";
		};
/* End PBXVariantGroup section */

/* Begin XCBuildConfiguration section */
		721168B5193026EA0047DC02 /* Debug */ = {
			isa = XCBuildConfiguration;
			buildSettings = {
				ALWAYS_SEARCH_USER_PATHS = NO;
				CLANG_CXX_LANGUAGE_STANDARD = "gnu++0x";
				CLANG_CXX_LIBRARY = "libc++";
				CLANG_ENABLE_MODULES = YES;
				CLANG_ENABLE_OBJC_ARC = YES;
				CLANG_WARN_BOOL_CONVERSION = YES;
				CLANG_WARN_CONSTANT_CONVERSION = YES;
				CLANG_WARN_DIRECT_OBJC_ISA_USAGE = YES_ERROR;
				CLANG_WARN_EMPTY_BODY = YES;
				CLANG_WARN_ENUM_CONVERSION = YES;
				CLANG_WARN_INT_CONVERSION = YES;
				CLANG_WARN_OBJC_ROOT_CLASS = YES_ERROR;
				CLANG_WARN__DUPLICATE_METHOD_MATCH = YES;
				"CODE_SIGN_IDENTITY[sdk=iphoneos*]" = "iPhone Developer";
				COPY_PHASE_STRIP = NO;
				GCC_C_LANGUAGE_STANDARD = gnu99;
				GCC_DYNAMIC_NO_PIC = NO;
				GCC_OPTIMIZATION_LEVEL = 0;
				GCC_PREPROCESSOR_DEFINITIONS = (
					"DEBUG=1",
					"$(inherited)",
				);
				GCC_SYMBOLS_PRIVATE_EXTERN = NO;
				GCC_WARN_64_TO_32_BIT_CONVERSION = YES;
				GCC_WARN_ABOUT_RETURN_TYPE = YES_ERROR;
				GCC_WARN_UNDECLARED_SELECTOR = YES;
				GCC_WARN_UNINITIALIZED_AUTOS = YES_AGGRESSIVE;
				GCC_WARN_UNUSED_FUNCTION = YES;
				GCC_WARN_UNUSED_VARIABLE = YES;
				IPHONEOS_DEPLOYMENT_TARGET = 7.1;
				ONLY_ACTIVE_ARCH = YES;
				SDKROOT = iphoneos;
				TARGETED_DEVICE_FAMILY = "1,2";
			};
			name = Debug;
		};
		721168B6193026EA0047DC02 /* Release */ = {
			isa = XCBuildConfiguration;
			buildSettings = {
				ALWAYS_SEARCH_USER_PATHS = NO;
				CLANG_CXX_LANGUAGE_STANDARD = "gnu++0x";
				CLANG_CXX_LIBRARY = "libc++";
				CLANG_ENABLE_MODULES = YES;
				CLANG_ENABLE_OBJC_ARC = YES;
				CLANG_WARN_BOOL_CONVERSION = YES;
				CLANG_WARN_CONSTANT_CONVERSION = YES;
				CLANG_WARN_DIRECT_OBJC_ISA_USAGE = YES_ERROR;
				CLANG_WARN_EMPTY_BODY = YES;
				CLANG_WARN_ENUM_CONVERSION = YES;
				CLANG_WARN_INT_CONVERSION = YES;
				CLANG_WARN_OBJC_ROOT_CLASS = YES_ERROR;
				CLANG_WARN__DUPLICATE_METHOD_MATCH = YES;
				"CODE_SIGN_IDENTITY[sdk=iphoneos*]" = "iPhone Developer";
				COPY_PHASE_STRIP = YES;
				ENABLE_NS_ASSERTIONS = NO;
				GCC_C_LANGUAGE_STANDARD = gnu99;
				GCC_WARN_64_TO_32_BIT_CONVERSION = YES;
				GCC_WARN_ABOUT_RETURN_TYPE = YES_ERROR;
				GCC_WARN_UNDECLARED_SELECTOR = YES;
				GCC_WARN_UNINITIALIZED_AUTOS = YES_AGGRESSIVE;
				GCC_WARN_UNUSED_FUNCTION = YES;
				GCC_WARN_UNUSED_VARIABLE = YES;
				IPHONEOS_DEPLOYMENT_TARGET = 7.1;
				SDKROOT = iphoneos;
				TARGETED_DEVICE_FAMILY = "1,2";
				VALIDATE_PRODUCT = YES;
			};
			name = Release;
		};
		721168B8193026EA0047DC02 /* Debug */ = {
			isa = XCBuildConfiguration;
			buildSettings = {
				ASSETCATALOG_COMPILER_APPICON_NAME = AppIcon;
				ASSETCATALOG_COMPILER_LAUNCHIMAGE_NAME = LaunchImage;
				CODE_SIGN_IDENTITY = "iPhone Developer";
				"CODE_SIGN_IDENTITY[sdk=iphoneos*]" = "iPhone Developer";
				FRAMEWORK_SEARCH_PATHS = (
					"$(inherited)",
					"$(PROJECT_DIR)",
				);
				GCC_PRECOMPILE_PREFIX_HEADER = YES;
				GCC_PREFIX_HEADER = "NetWorth/NetWorth-Prefix.pch";
				INFOPLIST_FILE = "NetWorth/NetWorth-Info.plist";
				IPHONEOS_DEPLOYMENT_TARGET = 7.1;
				PRODUCT_NAME = "$(TARGET_NAME)";
				PROVISIONING_PROFILE = "";
				TARGETED_DEVICE_FAMILY = 1;
				WRAPPER_EXTENSION = app;
			};
			name = Debug;
		};
		721168B9193026EA0047DC02 /* Release */ = {
			isa = XCBuildConfiguration;
			buildSettings = {
				ASSETCATALOG_COMPILER_APPICON_NAME = AppIcon;
				ASSETCATALOG_COMPILER_LAUNCHIMAGE_NAME = LaunchImage;
				CODE_SIGN_IDENTITY = "iPhone Developer";
				"CODE_SIGN_IDENTITY[sdk=iphoneos*]" = "iPhone Developer";
				FRAMEWORK_SEARCH_PATHS = (
					"$(inherited)",
					"$(PROJECT_DIR)",
				);
				GCC_PRECOMPILE_PREFIX_HEADER = YES;
				GCC_PREFIX_HEADER = "NetWorth/NetWorth-Prefix.pch";
				INFOPLIST_FILE = "NetWorth/NetWorth-Info.plist";
				IPHONEOS_DEPLOYMENT_TARGET = 7.1;
				PRODUCT_NAME = "$(TARGET_NAME)";
				PROVISIONING_PROFILE = "";
				TARGETED_DEVICE_FAMILY = 1;
				WRAPPER_EXTENSION = app;
			};
			name = Release;
		};
		721168BB193026EA0047DC02 /* Debug */ = {
			isa = XCBuildConfiguration;
			buildSettings = {
				BUNDLE_LOADER = "$(BUILT_PRODUCTS_DIR)/NetWorth.app/NetWorth";
				FRAMEWORK_SEARCH_PATHS = (
					"$(SDKROOT)/Developer/Library/Frameworks",
					"$(inherited)",
					"$(DEVELOPER_FRAMEWORKS_DIR)",
				);
				GCC_PRECOMPILE_PREFIX_HEADER = YES;
				GCC_PREFIX_HEADER = "NetWorth/NetWorth-Prefix.pch";
				GCC_PREPROCESSOR_DEFINITIONS = (
					"DEBUG=1",
					"$(inherited)",
				);
				INFOPLIST_FILE = "NetWorthTests/NetWorthTests-Info.plist";
				PRODUCT_NAME = "$(TARGET_NAME)";
				TEST_HOST = "$(BUNDLE_LOADER)";
				WRAPPER_EXTENSION = xctest;
			};
			name = Debug;
		};
		721168BC193026EA0047DC02 /* Release */ = {
			isa = XCBuildConfiguration;
			buildSettings = {
				BUNDLE_LOADER = "$(BUILT_PRODUCTS_DIR)/NetWorth.app/NetWorth";
				FRAMEWORK_SEARCH_PATHS = (
					"$(SDKROOT)/Developer/Library/Frameworks",
					"$(inherited)",
					"$(DEVELOPER_FRAMEWORKS_DIR)",
				);
				GCC_PRECOMPILE_PREFIX_HEADER = YES;
				GCC_PREFIX_HEADER = "NetWorth/NetWorth-Prefix.pch";
				INFOPLIST_FILE = "NetWorthTests/NetWorthTests-Info.plist";
				PRODUCT_NAME = "$(TARGET_NAME)";
				TEST_HOST = "$(BUNDLE_LOADER)";
				WRAPPER_EXTENSION = xctest;
			};
			name = Release;
		};
/* End XCBuildConfiguration section */

/* Begin XCConfigurationList section */
		7211687D193026EA0047DC02 /* Build configuration list for PBXProject "NetWorth" */ = {
			isa = XCConfigurationList;
			buildConfigurations = (
				721168B5193026EA0047DC02 /* Debug */,
				721168B6193026EA0047DC02 /* Release */,
			);
			defaultConfigurationIsVisible = 0;
			defaultConfigurationName = Release;
		};
		721168B7193026EA0047DC02 /* Build configuration list for PBXNativeTarget "NetWorth" */ = {
			isa = XCConfigurationList;
			buildConfigurations = (
				721168B8193026EA0047DC02 /* Debug */,
				721168B9193026EA0047DC02 /* Release */,
			);
			defaultConfigurationIsVisible = 0;
			defaultConfigurationName = Release;
		};
		721168BA193026EA0047DC02 /* Build configuration list for PBXNativeTarget "NetWorthTests" */ = {
			isa = XCConfigurationList;
			buildConfigurations = (
				721168BB193026EA0047DC02 /* Debug */,
				721168BC193026EA0047DC02 /* Release */,
			);
			defaultConfigurationIsVisible = 0;
			defaultConfigurationName = Release;
		};
/* End XCConfigurationList section */
	};
	rootObject = 7211687A193026EA0047DC02 /* Project object */;
}
