// !$*UTF8*$!
{
	archiveVersion = 1;
	classes = {
	};
	objectVersion = 46;
	objects = {

/* Begin PBXBuildFile section */
		7211159D1939196500DB5636 /* NWAccountDetailsViewController.m in Sources */ = {isa = PBXBuildFile; fileRef = 7211159C1939196500DB5636 /* NWAccountDetailsViewController.m */; };
		721115A019391E2D00DB5636 /* NWPortfolioDetailsViewController.m in Sources */ = {isa = PBXBuildFile; fileRef = 7211159F19391E2D00DB5636 /* NWPortfolioDetailsViewController.m */; };
		72116886193026EA0047DC02 /* Foundation.framework in Frameworks */ = {isa = PBXBuildFile; fileRef = 72116885193026EA0047DC02 /* Foundation.framework */; };
		72116888193026EA0047DC02 /* CoreGraphics.framework in Frameworks */ = {isa = PBXBuildFile; fileRef = 72116887193026EA0047DC02 /* CoreGraphics.framework */; };
		7211688A193026EA0047DC02 /* UIKit.framework in Frameworks */ = {isa = PBXBuildFile; fileRef = 72116889193026EA0047DC02 /* UIKit.framework */; };
		72116890193026EA0047DC02 /* InfoPlist.strings in Resources */ = {isa = PBXBuildFile; fileRef = 7211688E193026EA0047DC02 /* InfoPlist.strings */; };
		72116892193026EA0047DC02 /* main.m in Sources */ = {isa = PBXBuildFile; fileRef = 72116891193026EA0047DC02 /* main.m */; };
		72116896193026EA0047DC02 /* NWAppDelegate.m in Sources */ = {isa = PBXBuildFile; fileRef = 72116895193026EA0047DC02 /* NWAppDelegate.m */; };
		72116899193026EA0047DC02 /* Main_iPhone.storyboard in Resources */ = {isa = PBXBuildFile; fileRef = 72116897193026EA0047DC02 /* Main_iPhone.storyboard */; };
		7211689F193026EA0047DC02 /* NWViewController.m in Sources */ = {isa = PBXBuildFile; fileRef = 7211689E193026EA0047DC02 /* NWViewController.m */; };
		721168A1193026EA0047DC02 /* Images.xcassets in Resources */ = {isa = PBXBuildFile; fileRef = 721168A0193026EA0047DC02 /* Images.xcassets */; };
		721168A8193026EA0047DC02 /* XCTest.framework in Frameworks */ = {isa = PBXBuildFile; fileRef = 721168A7193026EA0047DC02 /* XCTest.framework */; };
		721168A9193026EA0047DC02 /* Foundation.framework in Frameworks */ = {isa = PBXBuildFile; fileRef = 72116885193026EA0047DC02 /* Foundation.framework */; };
		721168AA193026EA0047DC02 /* UIKit.framework in Frameworks */ = {isa = PBXBuildFile; fileRef = 72116889193026EA0047DC02 /* UIKit.framework */; };
		721168B2193026EA0047DC02 /* InfoPlist.strings in Resources */ = {isa = PBXBuildFile; fileRef = 721168B0193026EA0047DC02 /* InfoPlist.strings */; };
		721168B4193026EA0047DC02 /* NetWorthTests.m in Sources */ = {isa = PBXBuildFile; fileRef = 721168B3193026EA0047DC02 /* NetWorthTests.m */; };
		721168BF19302BEE0047DC02 /* NWPageContentViewController.m in Sources */ = {isa = PBXBuildFile; fileRef = 721168BE19302BEE0047DC02 /* NWPageContentViewController.m */; };
		723C56E11931BEF20073AE8E /* NWAccountsViewController.m in Sources */ = {isa = PBXBuildFile; fileRef = 723C56E01931BEF20073AE8E /* NWAccountsViewController.m */; };
		723C56E41931C6620073AE8E /* NWAccount.m in Sources */ = {isa = PBXBuildFile; fileRef = 723C56E31931C6620073AE8E /* NWAccount.m */; };
		7258580E1930657100379E80 /* NWHomePageContentViewController.m in Sources */ = {isa = PBXBuildFile; fileRef = 7258580D1930657100379E80 /* NWHomePageContentViewController.m */; };
		725858121931562200379E80 /* NWSettingsViewController.m in Sources */ = {isa = PBXBuildFile; fileRef = 725858111931562200379E80 /* NWSettingsViewController.m */; };
/* End PBXBuildFile section */

/* Begin PBXContainerItemProxy section */
		721168AB193026EA0047DC02 /* PBXContainerItemProxy */ = {
			isa = PBXContainerItemProxy;
			containerPortal = 7211687A193026EA0047DC02 /* Project object */;
			proxyType = 1;
			remoteGlobalIDString = 72116881193026EA0047DC02;
			remoteInfo = NetWorth;
		};
/* End PBXContainerItemProxy section */

/* Begin PBXFileReference section */
		7211159B1939196500DB5636 /* NWAccountDetailsViewController.h */ = {isa = PBXFileReference; fileEncoding = 4; lastKnownFileType = sourcecode.c.h; path = NWAccountDetailsViewController.h; sourceTree = "<group>"; };
		7211159C1939196500DB5636 /* NWAccountDetailsViewController.m */ = {isa = PBXFileReference; fileEncoding = 4; lastKnownFileType = sourcecode.c.objc; path = NWAccountDetailsViewController.m; sourceTree = "<group>"; };
		7211159E19391E2D00DB5636 /* NWPortfolioDetailsViewController.h */ = {isa = PBXFileReference; fileEncoding = 4; lastKnownFileType = sourcecode.c.h; path = NWPortfolioDetailsViewController.h; sourceTree = "<group>"; };
		7211159F19391E2D00DB5636 /* NWPortfolioDetailsViewController.m */ = {isa = PBXFileReference; fileEncoding = 4; lastKnownFileType = sourcecode.c.objc; path = NWPortfolioDetailsViewController.m; sourceTree = "<group>"; };
		72116882193026EA0047DC02 /* NetWorth.app */ = {isa = PBXFileReference; explicitFileType = wrapper.application; includeInIndex = 0; path = NetWorth.app; sourceTree = BUILT_PRODUCTS_DIR; };
		72116885193026EA0047DC02 /* Foundation.framework */ = {isa = PBXFileReference; lastKnownFileType = wrapper.framework; name = Foundation.framework; path = System/Library/Frameworks/Foundation.framework; sourceTree = SDKROOT; };
		72116887193026EA0047DC02 /* CoreGraphics.framework */ = {isa = PBXFileReference; lastKnownFileType = wrapper.framework; name = CoreGraphics.framework; path = System/Library/Frameworks/CoreGraphics.framework; sourceTree = SDKROOT; };
		72116889193026EA0047DC02 /* UIKit.framework */ = {isa = PBXFileReference; lastKnownFileType = wrapper.framework; name = UIKit.framework; path = System/Library/Frameworks/UIKit.framework; sourceTree = SDKROOT; };
		7211688D193026EA0047DC02 /* NetWorth-Info.plist */ = {isa = PBXFileReference; lastKnownFileType = text.plist.xml; path = "NetWorth-Info.plist"; sourceTree = "<group>"; };
		7211688F193026EA0047DC02 /* en */ = {isa = PBXFileReference; lastKnownFileType = text.plist.strings; name = en; path = en.lproj/InfoPlist.strings; sourceTree = "<group>"; };
		72116891193026EA0047DC02 /* main.m */ = {isa = PBXFileReference; lastKnownFileType = sourcecode.c.objc; path = main.m; sourceTree = "<group>"; };
		72116893193026EA0047DC02 /* NetWorth-Prefix.pch */ = {isa = PBXFileReference; lastKnownFileType = sourcecode.c.h; path = "NetWorth-Prefix.pch"; sourceTree = "<group>"; };
		72116894193026EA0047DC02 /* NWAppDelegate.h */ = {isa = PBXFileReference; lastKnownFileType = sourcecode.c.h; path = NWAppDelegate.h; sourceTree = "<group>"; };
		72116895193026EA0047DC02 /* NWAppDelegate.m */ = {isa = PBXFileReference; lastKnownFileType = sourcecode.c.objc; path = NWAppDelegate.m; sourceTree = "<group>"; };
		72116898193026EA0047DC02 /* Base */ = {isa = PBXFileReference; lastKnownFileType = file.storyboard; name = Base; path = Base.lproj/Main_iPhone.storyboard; sourceTree = "<group>"; };
		7211689D193026EA0047DC02 /* NWViewController.h */ = {isa = PBXFileReference; lastKnownFileType = sourcecode.c.h; path = NWViewController.h; sourceTree = "<group>"; };
		7211689E193026EA0047DC02 /* NWViewController.m */ = {isa = PBXFileReference; lastKnownFileType = sourcecode.c.objc; path = NWViewController.m; sourceTree = "<group>"; };
		721168A0193026EA0047DC02 /* Images.xcassets */ = {isa = PBXFileReference; lastKnownFileType = folder.assetcatalog; path = Images.xcassets; sourceTree = "<group>"; };
		721168A6193026EA0047DC02 /* NetWorthTests.xctest */ = {isa = PBXFileReference; explicitFileType = wrapper.cfbundle; includeInIndex = 0; path = NetWorthTests.xctest; sourceTree = BUILT_PRODUCTS_DIR; };
		721168A7193026EA0047DC02 /* XCTest.framework */ = {isa = PBXFileReference; lastKnownFileType = wrapper.framework; name = XCTest.framework; path = Library/Frameworks/XCTest.framework; sourceTree = DEVELOPER_DIR; };
		721168AF193026EA0047DC02 /* NetWorthTests-Info.plist */ = {isa = PBXFileReference; lastKnownFileType = text.plist.xml; path = "NetWorthTests-Info.plist"; sourceTree = "<group>"; };
		721168B1193026EA0047DC02 /* en */ = {isa = PBXFileReference; lastKnownFileType = text.plist.strings; name = en; path = en.lproj/InfoPlist.strings; sourceTree = "<group>"; };
		721168B3193026EA0047DC02 /* NetWorthTests.m */ = {isa = PBXFileReference; lastKnownFileType = sourcecode.c.objc; path = NetWorthTests.m; sourceTree = "<group>"; };
		721168BD19302BEE0047DC02 /* NWPageContentViewController.h */ = {isa = PBXFileReference; fileEncoding = 4; lastKnownFileType = sourcecode.c.h; path = NWPageContentViewController.h; sourceTree = "<group>"; };
		721168BE19302BEE0047DC02 /* NWPageContentViewController.m */ = {isa = PBXFileReference; fileEncoding = 4; lastKnownFileType = sourcecode.c.objc; path = NWPageContentViewController.m; sourceTree = "<group>"; };
		723C56DF1931BEF20073AE8E /* NWAccountsViewController.h */ = {isa = PBXFileReference; fileEncoding = 4; lastKnownFileType = sourcecode.c.h; name = NWAccountsViewController.h; path = ../NWAccountsViewController.h; sourceTree = "<group>"; };
		723C56E01931BEF20073AE8E /* NWAccountsViewController.m */ = {isa = PBXFileReference; fileEncoding = 4; lastKnownFileType = sourcecode.c.objc; name = NWAccountsViewController.m; path = ../NWAccountsViewController.m; sourceTree = "<group>"; };
		723C56E21931C6620073AE8E /* NWAccount.h */ = {isa = PBXFileReference; fileEncoding = 4; lastKnownFileType = sourcecode.c.h; path = NWAccount.h; sourceTree = "<group>"; };
		723C56E31931C6620073AE8E /* NWAccount.m */ = {isa = PBXFileReference; fileEncoding = 4; lastKnownFileType = sourcecode.c.objc; path = NWAccount.m; sourceTree = "<group>"; };
		7258580C1930657100379E80 /* NWHomePageContentViewController.h */ = {isa = PBXFileReference; fileEncoding = 4; lastKnownFileType = sourcecode.c.h; path = NWHomePageContentViewController.h; sourceTree = "<group>"; };
		7258580D1930657100379E80 /* NWHomePageContentViewController.m */ = {isa = PBXFileReference; fileEncoding = 4; lastKnownFileType = sourcecode.c.objc; path = NWHomePageContentViewController.m; sourceTree = "<group>"; };
		7258580F1930767F00379E80 /* NWPageContentView.h */ = {isa = PBXFileReference; lastKnownFileType = sourcecode.c.h; path = NWPageContentView.h; sourceTree = "<group>"; };
		725858101931562200379E80 /* NWSettingsViewController.h */ = {isa = PBXFileReference; fileEncoding = 4; lastKnownFileType = sourcecode.c.h; path = NWSettingsViewController.h; sourceTree = "<group>"; };
		725858111931562200379E80 /* NWSettingsViewController.m */ = {isa = PBXFileReference; fileEncoding = 4; lastKnownFileType = sourcecode.c.objc; path = NWSettingsViewController.m; sourceTree = "<group>"; };
/* End PBXFileReference section */

/* Begin PBXFrameworksBuildPhase section */
		7211687F193026EA0047DC02 /* Frameworks */ = {
			isa = PBXFrameworksBuildPhase;
			buildActionMask = 2147483647;
			files = (
				72116888193026EA0047DC02 /* CoreGraphics.framework in Frameworks */,
				7211688A193026EA0047DC02 /* UIKit.framework in Frameworks */,
				72116886193026EA0047DC02 /* Foundation.framework in Frameworks */,
			);
			runOnlyForDeploymentPostprocessing = 0;
		};
		721168A3193026EA0047DC02 /* Frameworks */ = {
			isa = PBXFrameworksBuildPhase;
			buildActionMask = 2147483647;
			files = (
				721168A8193026EA0047DC02 /* XCTest.framework in Frameworks */,
				721168AA193026EA0047DC02 /* UIKit.framework in Frameworks */,
				721168A9193026EA0047DC02 /* Foundation.framework in Frameworks */,
			);
			runOnlyForDeploymentPostprocessing = 0;
		};
/* End PBXFrameworksBuildPhase section */

/* Begin PBXGroup section */
		72116879193026EA0047DC02 = {
			isa = PBXGroup;
			children = (
				7211688B193026EA0047DC02 /* NetWorth */,
				721168AD193026EA0047DC02 /* NetWorthTests */,
				72116884193026EA0047DC02 /* Frameworks */,
				72116883193026EA0047DC02 /* Products */,
			);
			sourceTree = "<group>";
		};
		72116883193026EA0047DC02 /* Products */ = {
			isa = PBXGroup;
			children = (
				72116882193026EA0047DC02 /* NetWorth.app */,
				721168A6193026EA0047DC02 /* NetWorthTests.xctest */,
			);
			name = Products;
			sourceTree = "<group>";
		};
		72116884193026EA0047DC02 /* Frameworks */ = {
			isa = PBXGroup;
			children = (
				72116885193026EA0047DC02 /* Foundation.framework */,
				72116887193026EA0047DC02 /* CoreGraphics.framework */,
				72116889193026EA0047DC02 /* UIKit.framework */,
				721168A7193026EA0047DC02 /* XCTest.framework */,
			);
			name = Frameworks;
			sourceTree = "<group>";
		};
		7211688B193026EA0047DC02 /* NetWorth */ = {
			isa = PBXGroup;
			children = (
				723C56E21931C6620073AE8E /* NWAccount.h */,
				723C56E31931C6620073AE8E /* NWAccount.m */,
				723C56DF1931BEF20073AE8E /* NWAccountsViewController.h */,
				723C56E01931BEF20073AE8E /* NWAccountsViewController.m */,
				7258580F1930767F00379E80 /* NWPageContentView.h */,
				72116894193026EA0047DC02 /* NWAppDelegate.h */,
				72116895193026EA0047DC02 /* NWAppDelegate.m */,
				72116897193026EA0047DC02 /* Main_iPhone.storyboard */,
				7211159E19391E2D00DB5636 /* NWPortfolioDetailsViewController.h */,
				7211159F19391E2D00DB5636 /* NWPortfolioDetailsViewController.m */,
				7211159B1939196500DB5636 /* NWAccountDetailsViewController.h */,
				7211159C1939196500DB5636 /* NWAccountDetailsViewController.m */,
				721168BD19302BEE0047DC02 /* NWPageContentViewController.h */,
				721168BE19302BEE0047DC02 /* NWPageContentViewController.m */,
				7258580C1930657100379E80 /* NWHomePageContentViewController.h */,
				7258580D1930657100379E80 /* NWHomePageContentViewController.m */,
				725858101931562200379E80 /* NWSettingsViewController.h */,
				725858111931562200379E80 /* NWSettingsViewController.m */,
				7211689D193026EA0047DC02 /* NWViewController.h */,
				7211689E193026EA0047DC02 /* NWViewController.m */,
				721168A0193026EA0047DC02 /* Images.xcassets */,
				7211688C193026EA0047DC02 /* Supporting Files */,
			);
			path = NetWorth;
			sourceTree = "<group>";
		};
		7211688C193026EA0047DC02 /* Supporting Files */ = {
			isa = PBXGroup;
			children = (
				7211688D193026EA0047DC02 /* NetWorth-Info.plist */,
				7211688E193026EA0047DC02 /* InfoPlist.strings */,
				72116891193026EA0047DC02 /* main.m */,
				72116893193026EA0047DC02 /* NetWorth-Prefix.pch */,
			);
			name = "Supporting Files";
			sourceTree = "<group>";
		};
		721168AD193026EA0047DC02 /* NetWorthTests */ = {
			isa = PBXGroup;
			children = (
				721168B3193026EA0047DC02 /* NetWorthTests.m */,
				721168AE193026EA0047DC02 /* Supporting Files */,
			);
			path = NetWorthTests;
			sourceTree = "<group>";
		};
		721168AE193026EA0047DC02 /* Supporting Files */ = {
			isa = PBXGroup;
			children = (
				721168AF193026EA0047DC02 /* NetWorthTests-Info.plist */,
				721168B0193026EA0047DC02 /* InfoPlist.strings */,
			);
			name = "Supporting Files";
			sourceTree = "<group>";
		};
/* End PBXGroup section */

/* Begin PBXNativeTarget section */
		72116881193026EA0047DC02 /* NetWorth */ = {
			isa = PBXNativeTarget;
			buildConfigurationList = 721168B7193026EA0047DC02 /* Build configuration list for PBXNativeTarget "NetWorth" */;
			buildPhases = (
				7211687E193026EA0047DC02 /* Sources */,
				7211687F193026EA0047DC02 /* Frameworks */,
				72116880193026EA0047DC02 /* Resources */,
			);
			buildRules = (
			);
			dependencies = (
			);
			name = NetWorth;
			productName = NetWorth;
			productReference = 72116882193026EA0047DC02 /* NetWorth.app */;
			productType = "com.apple.product-type.application";
		};
		721168A5193026EA0047DC02 /* NetWorthTests */ = {
			isa = PBXNativeTarget;
			buildConfigurationList = 721168BA193026EA0047DC02 /* Build configuration list for PBXNativeTarget "NetWorthTests" */;
			buildPhases = (
				721168A2193026EA0047DC02 /* Sources */,
				721168A3193026EA0047DC02 /* Frameworks */,
				721168A4193026EA0047DC02 /* Resources */,
			);
			buildRules = (
			);
			dependencies = (
				721168AC193026EA0047DC02 /* PBXTargetDependency */,
			);
			name = NetWorthTests;
			productName = NetWorthTests;
			productReference = 721168A6193026EA0047DC02 /* NetWorthTests.xctest */;
			productType = "com.apple.product-type.bundle.unit-test";
		};
/* End PBXNativeTarget section */

/* Begin PBXProject section */
		7211687A193026EA0047DC02 /* Project object */ = {
			isa = PBXProject;
			attributes = {
				CLASSPREFIX = NW;
				LastUpgradeCheck = 0510;
				ORGANIZATIONNAME = "Johnathan Grayson";
				TargetAttributes = {
					721168A5193026EA0047DC02 = {
						TestTargetID = 72116881193026EA0047DC02;
					};
				};
			};
			buildConfigurationList = 7211687D193026EA0047DC02 /* Build configuration list for PBXProject "NetWorth" */;
			compatibilityVersion = "Xcode 3.2";
			developmentRegion = English;
			hasScannedForEncodings = 0;
			knownRegions = (
				en,
				Base,
			);
			mainGroup = 72116879193026EA0047DC02;
			productRefGroup = 72116883193026EA0047DC02 /* Products */;
			projectDirPath = "";
			projectRoot = "";
			targets = (
				72116881193026EA0047DC02 /* NetWorth */,
				721168A5193026EA0047DC02 /* NetWorthTests */,
			);
		};
/* End PBXProject section */

/* Begin PBXResourcesBuildPhase section */
		72116880193026EA0047DC02 /* Resources */ = {
			isa = PBXResourcesBuildPhase;
			buildActionMask = 2147483647;
			files = (
				721168A1193026EA0047DC02 /* Images.xcassets in Resources */,
				72116899193026EA0047DC02 /* Main_iPhone.storyboard in Resources */,
				72116890193026EA0047DC02 /* InfoPlist.strings in Resources */,
			);
			runOnlyForDeploymentPostprocessing = 0;
		};
		721168A4193026EA0047DC02 /* Resources */ = {
			isa = PBXResourcesBuildPhase;
			buildActionMask = 2147483647;
			files = (
				721168B2193026EA0047DC02 /* InfoPlist.strings in Resources */,
			);
			runOnlyForDeploymentPostprocessing = 0;
		};
/* End PBXResourcesBuildPhase section */

/* Begin PBXSourcesBuildPhase section */
		7211687E193026EA0047DC02 /* Sources */ = {
			isa = PBXSourcesBuildPhase;
			buildActionMask = 2147483647;
			files = (
				723C56E41931C6620073AE8E /* NWAccount.m in Sources */,
				7258580E1930657100379E80 /* NWHomePageContentViewController.m in Sources */,
				721168BF19302BEE0047DC02 /* NWPageContentViewController.m in Sources */,
				723C56E11931BEF20073AE8E /* NWAccountsViewController.m in Sources */,
				7211689F193026EA0047DC02 /* NWViewController.m in Sources */,
				721115A019391E2D00DB5636 /* NWPortfolioDetailsViewController.m in Sources */,
				72116892193026EA0047DC02 /* main.m in Sources */,
				725858121931562200379E80 /* NWSettingsViewController.m in Sources */,
				72116896193026EA0047DC02 /* NWAppDelegate.m in Sources */,
				7211159D1939196500DB5636 /* NWAccountDetailsViewController.m in Sources */,
			);
			runOnlyForDeploymentPostprocessing = 0;
		};
		721168A2193026EA0047DC02 /* Sources */ = {
			isa = PBXSourcesBuildPhase;
			buildActionMask = 2147483647;
			files = (
				721168B4193026EA0047DC02 /* NetWorthTests.m in Sources */,
			);
			runOnlyForDeploymentPostprocessing = 0;
		};
/* End PBXSourcesBuildPhase section */

/* Begin PBXTargetDependency section */
		721168AC193026EA0047DC02 /* PBXTargetDependency */ = {
			isa = PBXTargetDependency;
			target = 72116881193026EA0047DC02 /* NetWorth */;
			targetProxy = 721168AB193026EA0047DC02 /* PBXContainerItemProxy */;
		};
/* End PBXTargetDependency section */

/* Begin PBXVariantGroup section */
		7211688E193026EA0047DC02 /* InfoPlist.strings */ = {
			isa = PBXVariantGroup;
			children = (
				7211688F193026EA0047DC02 /* en */,
			);
			name = InfoPlist.strings;
			sourceTree = "<group>";
		};
		72116897193026EA0047DC02 /* Main_iPhone.storyboard */ = {
			isa = PBXVariantGroup;
			children = (
				72116898193026EA0047DC02 /* Base */,
			);
			name = Main_iPhone.storyboard;
			sourceTree = "<group>";
		};
		721168B0193026EA0047DC02 /* InfoPlist.strings */ = {
			isa = PBXVariantGroup;
			children = (
				721168B1193026EA0047DC02 /* en */,
			);
			name = InfoPlist.strings;
			sourceTree = "<group>";
		};
/* End PBXVariantGroup section */

/* Begin XCBuildConfiguration section */
		721168B5193026EA0047DC02 /* Debug */ = {
			isa = XCBuildConfiguration;
			buildSettings = {
				ALWAYS_SEARCH_USER_PATHS = NO;
				CLANG_CXX_LANGUAGE_STANDARD = "gnu++0x";
				CLANG_CXX_LIBRARY = "libc++";
				CLANG_ENABLE_MODULES = YES;
				CLANG_ENABLE_OBJC_ARC = YES;
				CLANG_WARN_BOOL_CONVERSION = YES;
				CLANG_WARN_CONSTANT_CONVERSION = YES;
				CLANG_WARN_DIRECT_OBJC_ISA_USAGE = YES_ERROR;
				CLANG_WARN_EMPTY_BODY = YES;
				CLANG_WARN_ENUM_CONVERSION = YES;
				CLANG_WARN_INT_CONVERSION = YES;
				CLANG_WARN_OBJC_ROOT_CLASS = YES_ERROR;
				CLANG_WARN__DUPLICATE_METHOD_MATCH = YES;
				"CODE_SIGN_IDENTITY[sdk=iphoneos*]" = "iPhone Developer";
				COPY_PHASE_STRIP = NO;
				GCC_C_LANGUAGE_STANDARD = gnu99;
				GCC_DYNAMIC_NO_PIC = NO;
				GCC_OPTIMIZATION_LEVEL = 0;
				GCC_PREPROCESSOR_DEFINITIONS = (
					"DEBUG=1",
					"$(inherited)",
				);
				GCC_SYMBOLS_PRIVATE_EXTERN = NO;
				GCC_WARN_64_TO_32_BIT_CONVERSION = YES;
				GCC_WARN_ABOUT_RETURN_TYPE = YES_ERROR;
				GCC_WARN_UNDECLARED_SELECTOR = YES;
				GCC_WARN_UNINITIALIZED_AUTOS = YES_AGGRESSIVE;
				GCC_WARN_UNUSED_FUNCTION = YES;
				GCC_WARN_UNUSED_VARIABLE = YES;
				IPHONEOS_DEPLOYMENT_TARGET = 7.1;
				ONLY_ACTIVE_ARCH = YES;
				SDKROOT = iphoneos;
				TARGETED_DEVICE_FAMILY = "1,2";
			};
			name = Debug;
		};
		721168B6193026EA0047DC02 /* Release */ = {
			isa = XCBuildConfiguration;
			buildSettings = {
				ALWAYS_SEARCH_USER_PATHS = NO;
				CLANG_CXX_LANGUAGE_STANDARD = "gnu++0x";
				CLANG_CXX_LIBRARY = "libc++";
				CLANG_ENABLE_MODULES = YES;
				CLANG_ENABLE_OBJC_ARC = YES;
				CLANG_WARN_BOOL_CONVERSION = YES;
				CLANG_WARN_CONSTANT_CONVERSION = YES;
				CLANG_WARN_DIRECT_OBJC_ISA_USAGE = YES_ERROR;
				CLANG_WARN_EMPTY_BODY = YES;
				CLANG_WARN_ENUM_CONVERSION = YES;
				CLANG_WARN_INT_CONVERSION = YES;
				CLANG_WARN_OBJC_ROOT_CLASS = YES_ERROR;
				CLANG_WARN__DUPLICATE_METHOD_MATCH = YES;
				"CODE_SIGN_IDENTITY[sdk=iphoneos*]" = "iPhone Developer";
				COPY_PHASE_STRIP = YES;
				ENABLE_NS_ASSERTIONS = NO;
				GCC_C_LANGUAGE_STANDARD = gnu99;
				GCC_WARN_64_TO_32_BIT_CONVERSION = YES;
				GCC_WARN_ABOUT_RETURN_TYPE = YES_ERROR;
				GCC_WARN_UNDECLARED_SELECTOR = YES;
				GCC_WARN_UNINITIALIZED_AUTOS = YES_AGGRESSIVE;
				GCC_WARN_UNUSED_FUNCTION = YES;
				GCC_WARN_UNUSED_VARIABLE = YES;
				IPHONEOS_DEPLOYMENT_TARGET = 7.1;
				SDKROOT = iphoneos;
				TARGETED_DEVICE_FAMILY = "1,2";
				VALIDATE_PRODUCT = YES;
			};
			name = Release;
		};
		721168B8193026EA0047DC02 /* Debug */ = {
			isa = XCBuildConfiguration;
			buildSettings = {
				ASSETCATALOG_COMPILER_APPICON_NAME = AppIcon;
				ASSETCATALOG_COMPILER_LAUNCHIMAGE_NAME = LaunchImage;
				GCC_PRECOMPILE_PREFIX_HEADER = YES;
				GCC_PREFIX_HEADER = "NetWorth/NetWorth-Prefix.pch";
				INFOPLIST_FILE = "NetWorth/NetWorth-Info.plist";
				IPHONEOS_DEPLOYMENT_TARGET = 7.1;
				PRODUCT_NAME = "$(TARGET_NAME)";
				TARGETED_DEVICE_FAMILY = 1;
				WRAPPER_EXTENSION = app;
			};
			name = Debug;
		};
		721168B9193026EA0047DC02 /* Release */ = {
			isa = XCBuildConfiguration;
			buildSettings = {
				ASSETCATALOG_COMPILER_APPICON_NAME = AppIcon;
				ASSETCATALOG_COMPILER_LAUNCHIMAGE_NAME = LaunchImage;
				GCC_PRECOMPILE_PREFIX_HEADER = YES;
				GCC_PREFIX_HEADER = "NetWorth/NetWorth-Prefix.pch";
				INFOPLIST_FILE = "NetWorth/NetWorth-Info.plist";
				IPHONEOS_DEPLOYMENT_TARGET = 7.1;
				PRODUCT_NAME = "$(TARGET_NAME)";
				TARGETED_DEVICE_FAMILY = 1;
				WRAPPER_EXTENSION = app;
			};
			name = Release;
		};
		721168BB193026EA0047DC02 /* Debug */ = {
			isa = XCBuildConfiguration;
			buildSettings = {
				BUNDLE_LOADER = "$(BUILT_PRODUCTS_DIR)/NetWorth.app/NetWorth";
				FRAMEWORK_SEARCH_PATHS = (
					"$(SDKROOT)/Developer/Library/Frameworks",
					"$(inherited)",
					"$(DEVELOPER_FRAMEWORKS_DIR)",
				);
				GCC_PRECOMPILE_PREFIX_HEADER = YES;
				GCC_PREFIX_HEADER = "NetWorth/NetWorth-Prefix.pch";
				GCC_PREPROCESSOR_DEFINITIONS = (
					"DEBUG=1",
					"$(inherited)",
				);
				INFOPLIST_FILE = "NetWorthTests/NetWorthTests-Info.plist";
				PRODUCT_NAME = "$(TARGET_NAME)";
				TEST_HOST = "$(BUNDLE_LOADER)";
				WRAPPER_EXTENSION = xctest;
			};
			name = Debug;
		};
		721168BC193026EA0047DC02 /* Release */ = {
			isa = XCBuildConfiguration;
			buildSettings = {
				BUNDLE_LOADER = "$(BUILT_PRODUCTS_DIR)/NetWorth.app/NetWorth";
				FRAMEWORK_SEARCH_PATHS = (
					"$(SDKROOT)/Developer/Library/Frameworks",
					"$(inherited)",
					"$(DEVELOPER_FRAMEWORKS_DIR)",
				);
				GCC_PRECOMPILE_PREFIX_HEADER = YES;
				GCC_PREFIX_HEADER = "NetWorth/NetWorth-Prefix.pch";
				INFOPLIST_FILE = "NetWorthTests/NetWorthTests-Info.plist";
				PRODUCT_NAME = "$(TARGET_NAME)";
				TEST_HOST = "$(BUNDLE_LOADER)";
				WRAPPER_EXTENSION = xctest;
			};
			name = Release;
		};
/* End XCBuildConfiguration section */

/* Begin XCConfigurationList section */
		7211687D193026EA0047DC02 /* Build configuration list for PBXProject "NetWorth" */ = {
			isa = XCConfigurationList;
			buildConfigurations = (
				721168B5193026EA0047DC02 /* Debug */,
				721168B6193026EA0047DC02 /* Release */,
			);
			defaultConfigurationIsVisible = 0;
			defaultConfigurationName = Release;
		};
		721168B7193026EA0047DC02 /* Build configuration list for PBXNativeTarget "NetWorth" */ = {
			isa = XCConfigurationList;
			buildConfigurations = (
				721168B8193026EA0047DC02 /* Debug */,
				721168B9193026EA0047DC02 /* Release */,
			);
			defaultConfigurationIsVisible = 0;
			defaultConfigurationName = Release;
		};
		721168BA193026EA0047DC02 /* Build configuration list for PBXNativeTarget "NetWorthTests" */ = {
			isa = XCConfigurationList;
			buildConfigurations = (
				721168BB193026EA0047DC02 /* Debug */,
				721168BC193026EA0047DC02 /* Release */,
			);
			defaultConfigurationIsVisible = 0;
			defaultConfigurationName = Release;
		};
/* End XCConfigurationList section */
	};
	rootObject = 7211687A193026EA0047DC02 /* Project object */;
}
